{
  "actions-preview.nvim": { "branch": "master", "commit": "cb938c25edaac38d362555f19244a9cb85d561e8" },
  "baleia.nvim": { "branch": "main", "commit": "32617940adb2eea56e85a64883a19961ceac9641" },
  "blame.nvim": { "branch": "main", "commit": "179da7aaacce7c52874af636255ede72dd6fe796" },
  "blink.cmp": { "branch": "main", "commit": "78336bc89ee5365633bcf754d93df01678b5c08f" },
  "diffview.nvim": { "branch": "main", "commit": "4516612fe98ff56ae0415a259ff6361a89419b0a" },
  "gitsigns.nvim": { "branch": "main", "commit": "0d797daee85366bc242580e352a4f62d67557b84" },
  "godoc.nvim": { "branch": "main", "commit": "092d2b191b95ff9bf77e09ca62b1335a9248c105" },
  "lazydev.nvim": { "branch": "main", "commit": "ff2cbcba459b637ec3fd165a2be59b7bbaeedf0d" },
  "lualine.nvim": { "branch": "master", "commit": "8811f3f3f4dc09d740c67e9ce399e7a541e2e5b2" },
  "mini.nvim": { "branch": "main", "commit": "a995fe9cd4193fb492b5df69175a351a74b3d36b" },
  "mini.pick": { "branch": "main", "commit": "fd7e7efadddcec3f3d7f3b363a99aa44e7286c65" },
  "neoconf.nvim": { "branch": "main", "commit": "60b088f2104a73b30f5319faa3d0a92a7b85f9f7" },
  "neogit": { "branch": "master", "commit": "e06745228600a585b88726fc9fba44a373c15a47" },
  "nvim-alternate": { "branch": "main", "commit": "e0fb97653419d12b1cdfed6c8d30a60676c2a4a6" },
  "nvim-lspconfig": { "branch": "master", "commit": "bedca8b426b2fee0ccac596d167d71bbe971253f" },
  "nvim-treesitter": { "branch": "main", "commit": "4916d6592ede8c07973490d9322f187e07dfefac" },
  "nvim-web-devicons": { "branch": "master", "commit": "95b7a002d5dba1a42eb58f5fac5c565a485eefd0" },
  "plenary.nvim": { "branch": "master", "commit": "b9fd5226c2f76c951fc8ed5923d85e4de065e509" },
  "popup.nvim": { "branch": "master", "commit": "b7404d35d5d3548a82149238289fa71f7f6de4ac" },
  "prot16-vim": { "branch": "master", "commit": "2d5ad6026f6ea56b5ad663fba4c71de60e04c118" },
  "snacks.nvim": { "branch": "main", "commit": "ad9ede6a9cddf16cedbd31b8932d6dcdee9b716e" },
  "tagbar": { "branch": "master", "commit": "7bfffca1f121afb7a9e38747500bf5270e006bb1" },
  "telescope.nvim": { "branch": "master", "commit": "7ef4d6dccb78ee71e552bbd866176762ad328afa" },
  "toggleterm.nvim": { "branch": "main", "commit": "50ea089fc548917cc3cc16b46a8211833b9e3c7c" },
  "trouble.nvim": { "branch": "main", "commit": "bd67efe408d4816e25e8491cc5ad4088e708a69a" },
  "vim-go": { "branch": "master", "commit": "f4b4ba17035aebcd222df90375c1cbb1dc4d8c5b" },
  "vim-test": { "branch": "master", "commit": "6eb2e5e7b32c321d373d2954199f4510be804713" }
}
