{
  "LuaSnip": { "branch": "master", "commit": "0abc8f390b278c3b4aabc4c004ac8a088b65cf24" },
  "actions-preview.nvim": { "branch": "master", "commit": "0ac9c2aa3cfc8c885321c0862b50b6b1c3392405" },
  "baleia.nvim": { "branch": "main", "commit": "32617940adb2eea56e85a64883a19961ceac9641" },
  "blame.nvim": { "branch": "main", "commit": "179da7aaacce7c52874af636255ede72dd6fe796" },
  "blink.cmp": { "branch": "main", "commit": "78336bc89ee5365633bcf754d93df01678b5c08f" },
  "diffview.nvim": { "branch": "main", "commit": "4516612fe98ff56ae0415a259ff6361a89419b0a" },
  "friendly-snippets": { "branch": "main", "commit": "6cd7280adead7f586db6fccbd15d2cac7e2188b9" },
  "gitsigns.nvim": { "branch": "main", "commit": "dd3f588bacbeb041be6facf1742e42097f62165d" },
  "godoc.nvim": { "branch": "main", "commit": "c90c6d289e5f22875654303d49a35ce959c5d54a" },
  "lazydev.nvim": { "branch": "main", "commit": "ff2cbcba459b637ec3fd165a2be59b7bbaeedf0d" },
  "lualine.nvim": { "branch": "master", "commit": "131a558e13f9f28b15cd235557150ccb23f89286" },
  "mini.nvim": { "branch": "main", "commit": "a995fe9cd4193fb492b5df69175a351a74b3d36b" },
  "mini.pick": { "branch": "main", "commit": "0e25916ec4b0f3ad81329e529db55ef350ac9901" },
  "neogit": { "branch": "master", "commit": "99326a1310fb2d616b455d2fd16d01bf00682f06" },
  "nvim-dap": { "branch": "master", "commit": "45a69eba683a2c448dd9ecfc4de89511f0646b5f" },
  "nvim-dap-go": { "branch": "main", "commit": "b4421153ead5d726603b02743ea40cf26a51ed5f" },
  "nvim-dap-ui": { "branch": "master", "commit": "1a66cabaa4a4da0be107d5eda6d57242f0fe7e49" },
  "nvim-dap-virtual-text": { "branch": "master", "commit": "fbdb48c2ed45f4a8293d0d483f7730d24467ccb6" },
  "nvim-lspconfig": { "branch": "master", "commit": "246572944c2a1e2a646c2e7609ff619b0fe74c18" },
  "nvim-nio": { "branch": "master", "commit": "21f5324bfac14e22ba26553caf69ec76ae8a7662" },
  "nvim-treesitter": { "branch": "main", "commit": "4916d6592ede8c07973490d9322f187e07dfefac" },
  "nvim-treesitter-textobjects": { "branch": "main", "commit": "851e865342e5a4cb1ae23d31caf6e991e1c99f1e" },
  "nvim-web-devicons": { "branch": "master", "commit": "7d8dad2c837fcdf2e65997e68657c1a21c568074" },
  "other.nvim": { "branch": "main", "commit": "1d48e090f6d1d53dda9fb5094af3f2006ebbb858" },
  "plenary.nvim": { "branch": "master", "commit": "74b06c6c75e4eeb3108ec01852001636d85a932b" },
  "popup.nvim": { "branch": "master", "commit": "b7404d35d5d3548a82149238289fa71f7f6de4ac" },
  "prot16-vim": { "branch": "master", "commit": "2d5ad6026f6ea56b5ad663fba4c71de60e04c118" },
  "snacks.nvim": { "branch": "main", "commit": "ad9ede6a9cddf16cedbd31b8932d6dcdee9b716e" },
  "tagbar": { "branch": "master", "commit": "b37b05ff1925b0b3931f031ebf88690aa0974375" },
  "telescope.nvim": { "branch": "master", "commit": "471eebb1037899fd942cc0f52c012f8773505da1" },
  "toggleterm.nvim": { "branch": "main", "commit": "50ea089fc548917cc3cc16b46a8211833b9e3c7c" },
  "trouble.nvim": { "branch": "main", "commit": "bd67efe408d4816e25e8491cc5ad4088e708a69a" },
  "vim-go": { "branch": "master", "commit": "f4b4ba17035aebcd222df90375c1cbb1dc4d8c5b" },
  "vim-test": { "branch": "master", "commit": "7062b50979a28e804081f0e82b7321184ec1c20b" },
  "worktrees.nvim": { "branch": "main", "commit": "bd3bb6db01aee69775b8d237dcb50d66d96d2d68" }
}
